
Microsoft Visual Studio Solution File, Format Version 12.00
# Visual Studio Version 17
VisualStudioVersion = 17.4.33213.308
MinimumVisualStudioVersion = 10.0.40219.1
Project("{FAE04EC0-301F-11D3-BF4B-00C04F79EFBC}") = "EntendendoAlgoritimos", "EntendendoAlgoritimos\EntendendoAlgoritimos.csproj", "{2499F4ED-03C4-4317-B0BC-B8F5661FB159}"
EndProject
Global
	GlobalSection(SolutionConfigurationPlatforms) = preSolution
		Debug|Any CPU = Debug|Any CPU
		Release|Any CPU = Release|Any CPU
	EndGlobalSection
	GlobalSection(ProjectConfigurationPlatforms) = postSolution
		{2499F4ED-03C4-4317-B0BC-B8F5661FB159}.Debug|Any CPU.ActiveCfg = Debug|Any CPU
		{2499F4ED-03C4-4317-B0BC-B8F5661FB159}.Debug|Any CPU.Build.0 = Debug|Any CPU
		{2499F4ED-03C4-4317-B0BC-B8F5661FB159}.Release|Any CPU.ActiveCfg = Release|Any CPU
		{2499F4ED-03C4-4317-B0BC-B8F5661FB159}.Release|Any CPU.Build.0 = Release|Any CPU
	EndGlobalSection
	GlobalSection(SolutionProperties) = preSolution
		HideSolutionNode = FALSE
	EndGlobalSection
	GlobalSection(ExtensibilityGlobals) = postSolution
		SolutionGuid = {655DE7C3-7597-4C33-BBCE-027664D16CB0}
	EndGlobalSection
EndGlobal
